
Microsoft Visual Studio Solution File, Format Version 12.00
# Visual Studio Version 17
VisualStudioVersion = 17.8.34330.188
MinimumVisualStudioVersion = 10.0.40219.1
Project("{9A19103F-16F7-4668-BE54-9A1E7A4F7556}") = "StudyTimeApp", "StudyTimeApp\StudyTimeApp.csproj", "{BEB93D93-A3A0-4856-AA1C-4195A9EDD63E}"
EndProject
Global
	GlobalSection(SolutionConfigurationPlatforms) = preSolution
		Debug|Any CPU = Debug|Any CPU
		Release|Any CPU = Release|Any CPU
	EndGlobalSection
	GlobalSection(ProjectConfigurationPlatforms) = postSolution
		{BEB93D93-A3A0-4856-AA1C-4195A9EDD63E}.Debug|Any CPU.ActiveCfg = Debug|Any CPU
		{BEB93D93-A3A0-4856-AA1C-4195A9EDD63E}.Debug|Any CPU.Build.0 = Debug|Any CPU
		{BEB93D93-A3A0-4856-AA1C-4195A9EDD63E}.Release|Any CPU.ActiveCfg = Release|Any CPU
		{BEB93D93-A3A0-4856-AA1C-4195A9EDD63E}.Release|Any CPU.Build.0 = Release|Any CPU
	EndGlobalSection
	GlobalSection(SolutionProperties) = preSolution
		HideSolutionNode = FALSE
	EndGlobalSection
	GlobalSection(ExtensibilityGlobals) = postSolution
		SolutionGuid = {5D80CA60-2489-4E3A-93E4-86C9EDDCEA4A}
	EndGlobalSection
EndGlobal
